// !$*UTF8*$!
{
	archiveVersion = 1;
	classes = {
	};
	objectVersion = 77;
	objects = {

/* Begin PBXBuildFile section */
		F88A9CEF2F4F360400C35E21 /* ImageSlideshow in Frameworks */ = {isa = PBXBuildFile; productRef = F88A9CEE2F4F360400C35E21 /* ImageSlideshow */; };
		F88A9CF72F507A3400C35E21 /* SwiftAudioPlayer in Frameworks */ = {isa = PBXBuildFile; productRef = F88A9CF62F507A3400C35E21 /* SwiftAudioPlayer */; };
		F8C0A6BE2F45018800E8F5B3 /* FirebaseAnalytics in Frameworks */ = {isa = PBXBuildFile; productRef = F8C0A6BD2F45018800E8F5B3 /* FirebaseAnalytics */; };
		F8C0A6C02F45018800E8F5B3 /* FirebaseAuth in Frameworks */ = {isa = PBXBuildFile; productRef = F8C0A6BF2F45018800E8F5B3 /* FirebaseAuth */; };
		F8C0A6C22F45018800E8F5B3 /* FirebaseDatabase in Frameworks */ = {isa = PBXBuildFile; productRef = F8C0A6C12F45018800E8F5B3 /* FirebaseDatabase */; };
		F8C0A6C42F45018800E8F5B3 /* FirebaseFirestore in Frameworks */ = {isa = PBXBuildFile; productRef = F8C0A6C32F45018800E8F5B3 /* FirebaseFirestore */; };
		F8C0A6C62F45018800E8F5B3 /* FirebaseMessaging in Frameworks */ = {isa = PBXBuildFile; productRef = F8C0A6C52F45018800E8F5B3 /* FirebaseMessaging */; };
		F8C0A6C82F45018800E8F5B3 /* FirebaseStorage in Frameworks */ = {isa = PBXBuildFile; productRef = F8C0A6C72F45018800E8F5B3 /* FirebaseStorage */; };
		F8C0A6CB2F4504D100E8F5B3 /* GoogleSignIn in Frameworks */ = {isa = PBXBuildFile; productRef = F8C0A6CA2F4504D100E8F5B3 /* GoogleSignIn */; };
		F8C0A6CD2F4504D100E8F5B3 /* GoogleSignInSwift in Frameworks */ = {isa = PBXBuildFile; productRef = F8C0A6CC2F4504D100E8F5B3 /* GoogleSignInSwift */; };
		F8C0A6D02F4505D100E8F5B3 /* SDWebImage in Frameworks */ = {isa = PBXBuildFile; productRef = F8C0A6CF2F4505D100E8F5B3 /* SDWebImage */; };
		F8C0A6D22F4505D100E8F5B3 /* SDWebImageMapKit in Frameworks */ = {isa = PBXBuildFile; productRef = F8C0A6D12F4505D100E8F5B3 /* SDWebImageMapKit */; };
		F8C0A6D52F45066600E8F5B3 /* JGProgressHUD in Frameworks */ = {isa = PBXBuildFile; productRef = F8C0A6D42F45066600E8F5B3 /* JGProgressHUD */; };
/* End PBXBuildFile section */

/* Begin PBXFileReference section */
		F8CFF1302F4304F800A13D7F /* ChatApp.app */ = {isa = PBXFileReference; explicitFileType = wrapper.application; includeInIndex = 0; path = ChatApp.app; sourceTree = BUILT_PRODUCTS_DIR; };
/* End PBXFileReference section */

/* Begin PBXFileSystemSynchronizedBuildFileExceptionSet section */
		F8CFF1422F4304FE00A13D7F /* Exceptions for "ChatApp" folder in "ChatApp" target */ = {
			isa = PBXFileSystemSynchronizedBuildFileExceptionSet;
			membershipExceptions = (
				Support/Info.plist,
			);
			target = F8CFF12F2F4304F800A13D7F /* ChatApp */;
		};
/* End PBXFileSystemSynchronizedBuildFileExceptionSet section */

/* Begin PBXFileSystemSynchronizedRootGroup section */
		F8CFF1322F4304F800A13D7F /* ChatApp */ = {
			isa = PBXFileSystemSynchronizedRootGroup;
			exceptions = (
				F8CFF1422F4304FE00A13D7F /* Exceptions for "ChatApp" folder in "ChatApp" target */,
			);
			path = ChatApp;
			sourceTree = "<group>";
		};
/* End PBXFileSystemSynchronizedRootGroup section */

/* Begin PBXFrameworksBuildPhase section */
		F8CFF12D2F4304F800A13D7F /* Frameworks */ = {
			isa = PBXFrameworksBuildPhase;
			buildActionMask = 2147483647;
			files = (
				F8C0A6C22F45018800E8F5B3 /* FirebaseDatabase in Frameworks */,
				F8C0A6C42F45018800E8F5B3 /* FirebaseFirestore in Frameworks */,
				F8C0A6D52F45066600E8F5B3 /* JGProgressHUD in Frameworks */,
				F88A9CEF2F4F360400C35E21 /* ImageSlideshow in Frameworks */,
				F8C0A6C62F45018800E8F5B3 /* FirebaseMessaging in Frameworks */,
				F8C0A6CD2F4504D100E8F5B3 /* GoogleSignInSwift in Frameworks */,
				F8C0A6BE2F45018800E8F5B3 /* FirebaseAnalytics in Frameworks */,
				F8C0A6C02F45018800E8F5B3 /* FirebaseAuth in Frameworks */,
				F8C0A6D22F4505D100E8F5B3 /* SDWebImageMapKit in Frameworks */,
				F8C0A6D02F4505D100E8F5B3 /* SDWebImage in Frameworks */,
				F88A9CF72F507A3400C35E21 /* SwiftAudioPlayer in Frameworks */,
				F8C0A6C82F45018800E8F5B3 /* FirebaseStorage in Frameworks */,
				F8C0A6CB2F4504D100E8F5B3 /* GoogleSignIn in Frameworks */,
			);
			runOnlyForDeploymentPostprocessing = 0;
		};
/* End PBXFrameworksBuildPhase section */

/* Begin PBXGroup section */
		F8CFF1272F4304F800A13D7F = {
			isa = PBXGroup;
			children = (
				F8CFF1322F4304F800A13D7F /* ChatApp */,
				F8CFF1312F4304F800A13D7F /* Products */,
			);
			sourceTree = "<group>";
		};
		F8CFF1312F4304F800A13D7F /* Products */ = {
			isa = PBXGroup;
			children = (
				F8CFF1302F4304F800A13D7F /* ChatApp.app */,
			);
			name = Products;
			sourceTree = "<group>";
		};
/* End PBXGroup section */

/* Begin PBXNativeTarget section */
		F8CFF12F2F4304F800A13D7F /* ChatApp */ = {
			isa = PBXNativeTarget;
			buildConfigurationList = F8CFF1432F4304FE00A13D7F /* Build configuration list for PBXNativeTarget "ChatApp" */;
			buildPhases = (
				F8CFF12C2F4304F800A13D7F /* Sources */,
				F8CFF12D2F4304F800A13D7F /* Frameworks */,
				F8CFF12E2F4304F800A13D7F /* Resources */,
			);
			buildRules = (
			);
			dependencies = (
			);
			fileSystemSynchronizedGroups = (
				F8CFF1322F4304F800A13D7F /* ChatApp */,
			);
			name = ChatApp;
			productName = ChatApp;
			productReference = F8CFF1302F4304F800A13D7F /* ChatApp.app */;
			productType = "com.apple.product-type.application";
		};
/* End PBXNativeTarget section */

/* Begin PBXProject section */
		F8CFF1282F4304F800A13D7F /* Project object */ = {
			isa = PBXProject;
			attributes = {
				BuildIndependentTargetsInParallel = 1;
				LastSwiftUpdateCheck = 2620;
				LastUpgradeCheck = 2620;
				TargetAttributes = {
					F8CFF12F2F4304F800A13D7F = {
						CreatedOnToolsVersion = 26.2;
					};
				};
			};
			buildConfigurationList = F8CFF12B2F4304F800A13D7F /* Build configuration list for PBXProject "ChatApp" */;
			developmentRegion = en;
			hasScannedForEncodings = 0;
			knownRegions = (
				en,
				Base,
			);
			mainGroup = F8CFF1272F4304F800A13D7F;
			minimizedProjectReferenceProxies = 1;
			packageReferences = (
				F8C0A6BC2F45018800E8F5B3 /* XCRemoteSwiftPackageReference "firebase-ios-sdk" */,
				F8C0A6C92F4504D100E8F5B3 /* XCRemoteSwiftPackageReference "GoogleSignIn-iOS" */,
				F8C0A6CE2F4505D100E8F5B3 /* XCRemoteSwiftPackageReference "SDWebImage" */,
				F8C0A6D32F45066600E8F5B3 /* XCRemoteSwiftPackageReference "JGProgressHUD" */,
				F88A9CED2F4F360400C35E21 /* XCRemoteSwiftPackageReference "ImageSlideshow" */,
				F88A9CF52F507A3400C35E21 /* XCRemoteSwiftPackageReference "SwiftAudioPlayer" */,
			);
			preferredProjectObjectVersion = 77;
			productRefGroup = F8CFF1312F4304F800A13D7F /* Products */;
			projectDirPath = "";
			projectRoot = "";
			targets = (
				F8CFF12F2F4304F800A13D7F /* ChatApp */,
			);
		};
/* End PBXProject section */

/* Begin PBXResourcesBuildPhase section */
		F8CFF12E2F4304F800A13D7F /* Resources */ = {
			isa = PBXResourcesBuildPhase;
			buildActionMask = 2147483647;
			files = (
			);
			runOnlyForDeploymentPostprocessing = 0;
		};
/* End PBXResourcesBuildPhase section */

/* Begin PBXSourcesBuildPhase section */
		F8CFF12C2F4304F800A13D7F /* Sources */ = {
			isa = PBXSourcesBuildPhase;
			buildActionMask = 2147483647;
			files = (
			);
			runOnlyForDeploymentPostprocessing = 0;
		};
/* End PBXSourcesBuildPhase section */

/* Begin XCBuildConfiguration section */
		F8CFF1442F4304FE00A13D7F /* Debug */ = {
			isa = XCBuildConfiguration;
			buildSettings = {
				ASSETCATALOG_COMPILER_APPICON_NAME = AppIcon;
				ASSETCATALOG_COMPILER_GLOBAL_ACCENT_COLOR_NAME = AccentColor;
				CODE_SIGN_STYLE = Automatic;
				CURRENT_PROJECT_VERSION = 1;
				DEVELOPMENT_TEAM = 5LY6F3PLLR;
				GENERATE_INFOPLIST_FILE = YES;
				INFOPLIST_FILE = ChatApp/Support/Info.plist;
				INFOPLIST_KEY_UIApplicationSupportsIndirectInputEvents = YES;
				INFOPLIST_KEY_UILaunchStoryboardName = LaunchScreen;
				INFOPLIST_KEY_UIMainStoryboardFile = Main;
				INFOPLIST_KEY_UISupportedInterfaceOrientations_iPad = "UIInterfaceOrientationPortrait UIInterfaceOrientationPortraitUpsideDown UIInterfaceOrientationLandscapeLeft UIInterfaceOrientationLandscapeRight";
				INFOPLIST_KEY_UISupportedInterfaceOrientations_iPhone = "UIInterfaceOrientationPortrait UIInterfaceOrientationLandscapeLeft UIInterfaceOrientationLandscapeRight";
				LD_RUNPATH_SEARCH_PATHS = (
					"$(inherited)",
					"@executable_path/Frameworks",
				);
				MARKETING_VERSION = 1.0;
				PRODUCT_BUNDLE_IDENTIFIER = com.alesya.ChatApp;
				PRODUCT_NAME = "$(TARGET_NAME)";
				STRING_CATALOG_GENERATE_SYMBOLS = YES;
				SWIFT_APPROACHABLE_CONCURRENCY = YES;
				SWIFT_DEFAULT_ACTOR_ISOLATION = MainActor;
				SWIFT_EMIT_LOC_STRINGS = YES;
				SWIFT_UPCOMING_FEATURE_MEMBER_IMPORT_VISIBILITY = YES;
				SWIFT_VERSION = 5.0;
				TARGETED_DEVICE_FAMILY = "1,2";
			};
			name = Debug;
		};
		F8CFF1452F4304FE00A13D7F /* Release */ = {
			isa = XCBuildConfiguration;
			buildSettings = {
				ASSETCATALOG_COMPILER_APPICON_NAME = AppIcon;
				ASSETCATALOG_COMPILER_GLOBAL_ACCENT_COLOR_NAME = AccentColor;
				CODE_SIGN_STYLE = Automatic;
				CURRENT_PROJECT_VERSION = 1;
				DEVELOPMENT_TEAM = 5LY6F3PLLR;
				GENERATE_INFOPLIST_FILE = YES;
				INFOPLIST_FILE = ChatApp/Support/Info.plist;
				INFOPLIST_KEY_UIApplicationSupportsIndirectInputEvents = YES;
				INFOPLIST_KEY_UILaunchStoryboardName = LaunchScreen;
				INFOPLIST_KEY_UIMainStoryboardFile = Main;
				INFOPLIST_KEY_UISupportedInterfaceOrientations_iPad = "UIInterfaceOrientationPortrait UIInterfaceOrientationPortraitUpsideDown UIInterfaceOrientationLandscapeLeft UIInterfaceOrientationLandscapeRight";
				INFOPLIST_KEY_UISupportedInterfaceOrientations_iPhone = "UIInterfaceOrientationPortrait UIInterfaceOrientationLandscapeLeft UIInterfaceOrientationLandscapeRight";
				LD_RUNPATH_SEARCH_PATHS = (
					"$(inherited)",
					"@executable_path/Frameworks",
				);
				MARKETING_VERSION = 1.0;
				PRODUCT_BUNDLE_IDENTIFIER = com.alesya.ChatApp;
				PRODUCT_NAME = "$(TARGET_NAME)";
				STRING_CATALOG_GENERATE_SYMBOLS = YES;
				SWIFT_APPROACHABLE_CONCURRENCY = YES;
				SWIFT_DEFAULT_ACTOR_ISOLATION = MainActor;
				SWIFT_EMIT_LOC_STRINGS = YES;
				SWIFT_UPCOMING_FEATURE_MEMBER_IMPORT_VISIBILITY = YES;
				SWIFT_VERSION = 5.0;
				TARGETED_DEVICE_FAMILY = "1,2";
			};
			name = Release;
		};
		F8CFF1462F4304FE00A13D7F /* Debug */ = {
			isa = XCBuildConfiguration;
			buildSettings = {
				ALWAYS_SEARCH_USER_PATHS = NO;
				ASSETCATALOG_COMPILER_GENERATE_SWIFT_ASSET_SYMBOL_EXTENSIONS = YES;
				CLANG_ANALYZER_NONNULL = YES;
				CLANG_ANALYZER_NUMBER_OBJECT_CONVERSION = YES_AGGRESSIVE;
				CLANG_CXX_LANGUAGE_STANDARD = "gnu++20";
				CLANG_ENABLE_MODULES = YES;
				CLANG_ENABLE_OBJC_ARC = YES;
				CLANG_ENABLE_OBJC_WEAK = YES;
				CLANG_WARN_BLOCK_CAPTURE_AUTORELEASING = YES;
				CLANG_WARN_BOOL_CONVERSION = YES;
				CLANG_WARN_COMMA = YES;
				CLANG_WARN_CONSTANT_CONVERSION = YES;
				CLANG_WARN_DEPRECATED_OBJC_IMPLEMENTATIONS = YES;
				CLANG_WARN_DIRECT_OBJC_ISA_USAGE = YES_ERROR;
				CLANG_WARN_DOCUMENTATION_COMMENTS = YES;
				CLANG_WARN_EMPTY_BODY = YES;
				CLANG_WARN_ENUM_CONVERSION = YES;
				CLANG_WARN_INFINITE_RECURSION = YES;
				CLANG_WARN_INT_CONVERSION = YES;
				CLANG_WARN_NON_LITERAL_NULL_CONVERSION = YES;
				CLANG_WARN_OBJC_IMPLICIT_RETAIN_SELF = YES;
				CLANG_WARN_OBJC_LITERAL_CONVERSION = YES;
				CLANG_WARN_OBJC_ROOT_CLASS = YES_ERROR;
				CLANG_WARN_QUOTED_INCLUDE_IN_FRAMEWORK_HEADER = YES;
				CLANG_WARN_RANGE_LOOP_ANALYSIS = YES;
				CLANG_WARN_STRICT_PROTOTYPES = YES;
				CLANG_WARN_SUSPICIOUS_MOVE = YES;
				CLANG_WARN_UNGUARDED_AVAILABILITY = YES_AGGRESSIVE;
				CLANG_WARN_UNREACHABLE_CODE = YES;
				CLANG_WARN__DUPLICATE_METHOD_MATCH = YES;
				COPY_PHASE_STRIP = NO;
				DEBUG_INFORMATION_FORMAT = dwarf;
				ENABLE_STRICT_OBJC_MSGSEND = YES;
				ENABLE_TESTABILITY = YES;
				ENABLE_USER_SCRIPT_SANDBOXING = YES;
				GCC_C_LANGUAGE_STANDARD = gnu17;
				GCC_DYNAMIC_NO_PIC = NO;
				GCC_NO_COMMON_BLOCKS = YES;
				GCC_OPTIMIZATION_LEVEL = 0;
				GCC_PREPROCESSOR_DEFINITIONS = (
					"DEBUG=1",
					"$(inherited)",
				);
				GCC_WARN_64_TO_32_BIT_CONVERSION = YES;
				GCC_WARN_ABOUT_RETURN_TYPE = YES_ERROR;
				GCC_WARN_UNDECLARED_SELECTOR = YES;
				GCC_WARN_UNINITIALIZED_AUTOS = YES_AGGRESSIVE;
				GCC_WARN_UNUSED_FUNCTION = YES;
				GCC_WARN_UNUSED_VARIABLE = YES;
				IPHONEOS_DEPLOYMENT_TARGET = 26.2;
				LOCALIZATION_PREFERS_STRING_CATALOGS = YES;
				MTL_ENABLE_DEBUG_INFO = INCLUDE_SOURCE;
				MTL_FAST_MATH = YES;
				ONLY_ACTIVE_ARCH = YES;
				SDKROOT = iphoneos;
				SWIFT_ACTIVE_COMPILATION_CONDITIONS = "DEBUG $(inherited)";
				SWIFT_OPTIMIZATION_LEVEL = "-Onone";
			};
			name = Debug;
		};
		F8CFF1472F4304FE00A13D7F /* Release */ = {
			isa = XCBuildConfiguration;
			buildSettings = {
				ALWAYS_SEARCH_USER_PATHS = NO;
				ASSETCATALOG_COMPILER_GENERATE_SWIFT_ASSET_SYMBOL_EXTENSIONS = YES;
				CLANG_ANALYZER_NONNULL = YES;
				CLANG_ANALYZER_NUMBER_OBJECT_CONVERSION = YES_AGGRESSIVE;
				CLANG_CXX_LANGUAGE_STANDARD = "gnu++20";
				CLANG_ENABLE_MODULES = YES;
				CLANG_ENABLE_OBJC_ARC = YES;
				CLANG_ENABLE_OBJC_WEAK = YES;
				CLANG_WARN_BLOCK_CAPTURE_AUTORELEASING = YES;
				CLANG_WARN_BOOL_CONVERSION = YES;
				CLANG_WARN_COMMA = YES;
				CLANG_WARN_CONSTANT_CONVERSION = YES;
				CLANG_WARN_DEPRECATED_OBJC_IMPLEMENTATIONS = YES;
				CLANG_WARN_DIRECT_OBJC_ISA_USAGE = YES_ERROR;
				CLANG_WARN_DOCUMENTATION_COMMENTS = YES;
				CLANG_WARN_EMPTY_BODY = YES;
				CLANG_WARN_ENUM_CONVERSION = YES;
				CLANG_WARN_INFINITE_RECURSION = YES;
				CLANG_WARN_INT_CONVERSION = YES;
				CLANG_WARN_NON_LITERAL_NULL_CONVERSION = YES;
				CLANG_WARN_OBJC_IMPLICIT_RETAIN_SELF = YES;
				CLANG_WARN_OBJC_LITERAL_CONVERSION = YES;
				CLANG_WARN_OBJC_ROOT_CLASS = YES_ERROR;
				CLANG_WARN_QUOTED_INCLUDE_IN_FRAMEWORK_HEADER = YES;
				CLANG_WARN_RANGE_LOOP_ANALYSIS = YES;
				CLANG_WARN_STRICT_PROTOTYPES = YES;
				CLANG_WARN_SUSPICIOUS_MOVE = YES;
				CLANG_WARN_UNGUARDED_AVAILABILITY = YES_AGGRESSIVE;
				CLANG_WARN_UNREACHABLE_CODE = YES;
				CLANG_WARN__DUPLICATE_METHOD_MATCH = YES;
				COPY_PHASE_STRIP = NO;
				DEBUG_INFORMATION_FORMAT = "dwarf-with-dsym";
				ENABLE_NS_ASSERTIONS = NO;
				ENABLE_STRICT_OBJC_MSGSEND = YES;
				ENABLE_USER_SCRIPT_SANDBOXING = YES;
				GCC_C_LANGUAGE_STANDARD = gnu17;
				GCC_NO_COMMON_BLOCKS = YES;
				GCC_WARN_64_TO_32_BIT_CONVERSION = YES;
				GCC_WARN_ABOUT_RETURN_TYPE = YES_ERROR;
				GCC_WARN_UNDECLARED_SELECTOR = YES;
				GCC_WARN_UNINITIALIZED_AUTOS = YES_AGGRESSIVE;
				GCC_WARN_UNUSED_FUNCTION = YES;
				GCC_WARN_UNUSED_VARIABLE = YES;
				IPHONEOS_DEPLOYMENT_TARGET = 26.2;
				LOCALIZATION_PREFERS_STRING_CATALOGS = YES;
				MTL_ENABLE_DEBUG_INFO = NO;
				MTL_FAST_MATH = YES;
				SDKROOT = iphoneos;
				SWIFT_COMPILATION_MODE = wholemodule;
				VALIDATE_PRODUCT = YES;
			};
			name = Release;
		};
/* End XCBuildConfiguration section */

/* Begin XCConfigurationList section */
		F8CFF12B2F4304F800A13D7F /* Build configuration list for PBXProject "ChatApp" */ = {
			isa = XCConfigurationList;
			buildConfigurations = (
				F8CFF1462F4304FE00A13D7F /* Debug */,
				F8CFF1472F4304FE00A13D7F /* Release */,
			);
			defaultConfigurationIsVisible = 0;
			defaultConfigurationName = Release;
		};
		F8CFF1432F4304FE00A13D7F /* Build configuration list for PBXNativeTarget "ChatApp" */ = {
			isa = XCConfigurationList;
			buildConfigurations = (
				F8CFF1442F4304FE00A13D7F /* Debug */,
				F8CFF1452F4304FE00A13D7F /* Release */,
			);
			defaultConfigurationIsVisible = 0;
			defaultConfigurationName = Release;
		};
/* End XCConfigurationList section */

/* Begin XCRemoteSwiftPackageReference section */
		F88A9CED2F4F360400C35E21 /* XCRemoteSwiftPackageReference "ImageSlideshow" */ = {
			isa = XCRemoteSwiftPackageReference;
			repositoryURL = "https://github.com/zvonicek/ImageSlideshow?tab=readme-ov-file#-imageslideshow";
			requirement = {
				kind = upToNextMajorVersion;
				minimumVersion = 1.9.2;
			};
		};
		F88A9CF52F507A3400C35E21 /* XCRemoteSwiftPackageReference "SwiftAudioPlayer" */ = {
			isa = XCRemoteSwiftPackageReference;
			repositoryURL = "https://github.com/tanhakabir/SwiftAudioPlayer";
			requirement = {
				kind = upToNextMajorVersion;
				minimumVersion = 7.6.0;
			};
		};
		F8C0A6BC2F45018800E8F5B3 /* XCRemoteSwiftPackageReference "firebase-ios-sdk" */ = {
			isa = XCRemoteSwiftPackageReference;
			repositoryURL = "https://github.com/firebase/firebase-ios-sdk";
			requirement = {
				kind = upToNextMajorVersion;
				minimumVersion = 12.9.0;
			};
		};
		F8C0A6C92F4504D100E8F5B3 /* XCRemoteSwiftPackageReference "GoogleSignIn-iOS" */ = {
			isa = XCRemoteSwiftPackageReference;
			repositoryURL = "https://github.com/google/GoogleSignIn-iOS";
			requirement = {
				kind = upToNextMajorVersion;
				minimumVersion = 9.1.0;
			};
		};
		F8C0A6CE2F4505D100E8F5B3 /* XCRemoteSwiftPackageReference "SDWebImage" */ = {
			isa = XCRemoteSwiftPackageReference;
			repositoryURL = "https://github.com/SDWebImage/SDWebImage";
			requirement = {
				kind = upToNextMajorVersion;
				minimumVersion = 5.21.6;
			};
		};
		F8C0A6D32F45066600E8F5B3 /* XCRemoteSwiftPackageReference "JGProgressHUD" */ = {
			isa = XCRemoteSwiftPackageReference;
			repositoryURL = "https://github.com/JonasGessner/JGProgressHUD";
			requirement = {
				kind = upToNextMajorVersion;
				minimumVersion = 2.2.0;
			};
		};
/* End XCRemoteSwiftPackageReference section */

/* Begin XCSwiftPackageProductDependency section */
		F88A9CEE2F4F360400C35E21 /* ImageSlideshow */ = {
			isa = XCSwiftPackageProductDependency;
			package = F88A9CED2F4F360400C35E21 /* XCRemoteSwiftPackageReference "ImageSlideshow" */;
			productName = ImageSlideshow;
		};
		F88A9CF62F507A3400C35E21 /* SwiftAudioPlayer */ = {
			isa = XCSwiftPackageProductDependency;
			package = F88A9CF52F507A3400C35E21 /* XCRemoteSwiftPackageReference "SwiftAudioPlayer" */;
			productName = SwiftAudioPlayer;
		};
		F8C0A6BD2F45018800E8F5B3 /* FirebaseAnalytics */ = {
			isa = XCSwiftPackageProductDependency;
			package = F8C0A6BC2F45018800E8F5B3 /* XCRemoteSwiftPackageReference "firebase-ios-sdk" */;
			productName = FirebaseAnalytics;
		};
		F8C0A6BF2F45018800E8F5B3 /* FirebaseAuth */ = {
			isa = XCSwiftPackageProductDependency;
			package = F8C0A6BC2F45018800E8F5B3 /* XCRemoteSwiftPackageReference "firebase-ios-sdk" */;
			productName = FirebaseAuth;
		};
		F8C0A6C12F45018800E8F5B3 /* FirebaseDatabase */ = {
			isa = XCSwiftPackageProductDependency;
			package = F8C0A6BC2F45018800E8F5B3 /* XCRemoteSwiftPackageReference "firebase-ios-sdk" */;
			productName = FirebaseDatabase;
		};
		F8C0A6C32F45018800E8F5B3 /* FirebaseFirestore */ = {
			isa = XCSwiftPackageProductDependency;
			package = F8C0A6BC2F45018800E8F5B3 /* XCRemoteSwiftPackageReference "firebase-ios-sdk" */;
			productName = FirebaseFirestore;
		};
		F8C0A6C52F45018800E8F5B3 /* FirebaseMessaging */ = {
			isa = XCSwiftPackageProductDependency;
			package = F8C0A6BC2F45018800E8F5B3 /* XCRemoteSwiftPackageReference "firebase-ios-sdk" */;
			productName = FirebaseMessaging;
		};
		F8C0A6C72F45018800E8F5B3 /* FirebaseStorage */ = {
			isa = XCSwiftPackageProductDependency;
			package = F8C0A6BC2F45018800E8F5B3 /* XCRemoteSwiftPackageReference "firebase-ios-sdk" */;
			productName = FirebaseStorage;
		};
		F8C0A6CA2F4504D100E8F5B3 /* GoogleSignIn */ = {
			isa = XCSwiftPackageProductDependency;
			package = F8C0A6C92F4504D100E8F5B3 /* XCRemoteSwiftPackageReference "GoogleSignIn-iOS" */;
			productName = GoogleSignIn;
		};
		F8C0A6CC2F4504D100E8F5B3 /* GoogleSignInSwift */ = {
			isa = XCSwiftPackageProductDependency;
			package = F8C0A6C92F4504D100E8F5B3 /* XCRemoteSwiftPackageReference "GoogleSignIn-iOS" */;
			productName = GoogleSignInSwift;
		};
		F8C0A6CF2F4505D100E8F5B3 /* SDWebImage */ = {
			isa = XCSwiftPackageProductDependency;
			package = F8C0A6CE2F4505D100E8F5B3 /* XCRemoteSwiftPackageReference "SDWebImage" */;
			productName = SDWebImage;
		};
		F8C0A6D12F4505D100E8F5B3 /* SDWebImageMapKit */ = {
			isa = XCSwiftPackageProductDependency;
			package = F8C0A6CE2F4505D100E8F5B3 /* XCRemoteSwiftPackageReference "SDWebImage" */;
			productName = SDWebImageMapKit;
		};
		F8C0A6D42F45066600E8F5B3 /* JGProgressHUD */ = {
			isa = XCSwiftPackageProductDependency;
			package = F8C0A6D32F45066600E8F5B3 /* XCRemoteSwiftPackageReference "JGProgressHUD" */;
			productName = JGProgressHUD;
		};
/* End XCSwiftPackageProductDependency section */
	};
	rootObject = F8CFF1282F4304F800A13D7F /* Project object */;
}
